# THIS IS AN AUTOGENERATED FILE. DO NOT EDIT THIS FILE DIRECTLY.
# yarn lockfile v1


"@aws-crypto/crc32@3.0.0":
  version "3.0.0"
  resolved "https://registry.yarnpkg.com/@aws-crypto/crc32/-/crc32-3.0.0.tgz#07300eca214409c33e3ff769cd5697b57fdd38fa"
  dependencies:
    "@aws-crypto/util" "^3.0.0"
    "@aws-sdk/types" "^3.222.0"
    tslib "^1.11.1"

"@aws-crypto/ie11-detection@^3.0.0":
  version "3.0.0"
  resolved "https://registry.yarnpkg.com/@aws-crypto/ie11-detection/-/ie11-detection-3.0.0.tgz#640ae66b4ec3395cee6a8e94ebcd9f80c24cd688"
  dependencies:
    tslib "^1.11.1"

"@aws-crypto/sha256-browser@3.0.0":
  version "3.0.0"
  resolved "https://registry.yarnpkg.com/@aws-crypto/sha256-browser/-/sha256-browser-3.0.0.tgz#05f160138ab893f1c6ba5be57cfd108f05827766"
  dependencies:
    "@aws-crypto/ie11-detection" "^3.0.0"
    "@aws-crypto/sha256-js" "^3.0.0"
    "@aws-crypto/supports-web-crypto" "^3.0.0"
    "@aws-crypto/util" "^3.0.0"
    "@aws-sdk/types" "^3.222.0"
    "@aws-sdk/util-locate-window" "^3.0.0"
    "@aws-sdk/util-utf8-browser" "^3.0.0"
    tslib "^1.11.1"

"@aws-crypto/sha256-js@3.0.0", "@aws-crypto/sha256-js@^3.0.0":
  version "3.0.0"
  resolved "https://registry.yarnpkg.com/@aws-crypto/sha256-js/-/sha256-js-3.0.0.tgz#f06b84d550d25521e60d2a0e2a90139341e007c2"
  dependencies:
    "@aws-crypto/util" "^3.0.0"
    "@aws-sdk/types" "^3.222.0"
    tslib "^1.11.1"

"@aws-crypto/supports-web-crypto@^3.0.0":
  version "3.0.0"
  resolved "https://registry.yarnpkg.com/@aws-crypto/supports-web-crypto/-/supports-web-crypto-3.0.0.tgz#5d1bf825afa8072af2717c3e455f35cda0103ec2"
  dependencies:
    tslib "^1.11.1"

"@aws-crypto/util@^3.0.0":
  version "3.0.0"
  resolved "https://registry.yarnpkg.com/@aws-crypto/util/-/util-3.0.0.tgz#1c7ca90c29293f0883468ad48117937f0fe5bfb0"
  dependencies:
    "@aws-sdk/types" "^3.222.0"
    "@aws-sdk/util-utf8-browser" "^3.0.0"
    tslib "^1.11.1"

"@aws-sdk/client-dynamodb@^3.363.0":
  version "3.388.0"
  resolved "https://registry.yarnpkg.com/@aws-sdk/client-dynamodb/-/client-dynamodb-3.388.0.tgz#c3eb59907c176ff6a5d92031965eb82dd809b91e"
  dependencies:
    "@aws-crypto/sha256-browser" "3.0.0"
    "@aws-crypto/sha256-js" "3.0.0"
    "@aws-sdk/client-sts" "3.388.0"
    "@aws-sdk/credential-provider-node" "3.388.0"
    "@aws-sdk/middleware-endpoint-discovery" "3.387.0"
    "@aws-sdk/middleware-host-header" "3.387.0"
    "@aws-sdk/middleware-logger" "3.387.0"
    "@aws-sdk/middleware-recursion-detection" "3.387.0"
    "@aws-sdk/middleware-signing" "3.387.0"
    "@aws-sdk/middleware-user-agent" "3.387.0"
    "@aws-sdk/types" "3.387.0"
    "@aws-sdk/util-endpoints" "3.387.0"
    "@aws-sdk/util-user-agent-browser" "3.387.0"
    "@aws-sdk/util-user-agent-node" "3.387.0"
    "@smithy/config-resolver" "^2.0.2"
    "@smithy/fetch-http-handler" "^2.0.2"
    "@smithy/hash-node" "^2.0.2"
    "@smithy/invalid-dependency" "^2.0.2"
    "@smithy/middleware-content-length" "^2.0.2"
    "@smithy/middleware-endpoint" "^2.0.2"
    "@smithy/middleware-retry" "^2.0.2"
    "@smithy/middleware-serde" "^2.0.2"
    "@smithy/middleware-stack" "^2.0.0"
    "@smithy/node-config-provider" "^2.0.2"
    "@smithy/node-http-handler" "^2.0.2"
    "@smithy/protocol-http" "^2.0.2"
    "@smithy/smithy-client" "^2.0.2"
    "@smithy/types" "^2.1.0"
    "@smithy/url-parser" "^2.0.2"
    "@smithy/util-base64" "^2.0.0"
    "@smithy/util-body-length-browser" "^2.0.0"
    "@smithy/util-body-length-node" "^2.0.0"
    "@smithy/util-defaults-mode-browser" "^2.0.2"
    "@smithy/util-defaults-mode-node" "^2.0.2"
    "@smithy/util-retry" "^2.0.0"
    "@smithy/util-utf8" "^2.0.0"
    "@smithy/util-waiter" "^2.0.2"
    tslib "^2.5.0"
    uuid "^8.3.2"

"@aws-sdk/client-sso@3.387.0":
  version "3.387.0"
  resolved "https://registry.yarnpkg.com/@aws-sdk/client-sso/-/client-sso-3.387.0.tgz#d2182c09ad8d75a1a8896c2765e6f8729118660f"
  dependencies:
    "@aws-crypto/sha256-browser" "3.0.0"
    "@aws-crypto/sha256-js" "3.0.0"
    "@aws-sdk/middleware-host-header" "3.387.0"
    "@aws-sdk/middleware-logger" "3.387.0"
    "@aws-sdk/middleware-recursion-detection" "3.387.0"
    "@aws-sdk/middleware-user-agent" "3.387.0"
    "@aws-sdk/types" "3.387.0"
    "@aws-sdk/util-endpoints" "3.387.0"
    "@aws-sdk/util-user-agent-browser" "3.387.0"
    "@aws-sdk/util-user-agent-node" "3.387.0"
    "@smithy/config-resolver" "^2.0.2"
    "@smithy/fetch-http-handler" "^2.0.2"
    "@smithy/hash-node" "^2.0.2"
    "@smithy/invalid-dependency" "^2.0.2"
    "@smithy/middleware-content-length" "^2.0.2"
    "@smithy/middleware-endpoint" "^2.0.2"
    "@smithy/middleware-retry" "^2.0.2"
    "@smithy/middleware-serde" "^2.0.2"
    "@smithy/middleware-stack" "^2.0.0"
    "@smithy/node-config-provider" "^2.0.2"
    "@smithy/node-http-handler" "^2.0.2"
    "@smithy/protocol-http" "^2.0.2"
    "@smithy/smithy-client" "^2.0.2"
    "@smithy/types" "^2.1.0"
    "@smithy/url-parser" "^2.0.2"
    "@smithy/util-base64" "^2.0.0"
    "@smithy/util-body-length-browser" "^2.0.0"
    "@smithy/util-body-length-node" "^2.0.0"
    "@smithy/util-defaults-mode-browser" "^2.0.2"
    "@smithy/util-defaults-mode-node" "^2.0.2"
    "@smithy/util-retry" "^2.0.0"
    "@smithy/util-utf8" "^2.0.0"
    tslib "^2.5.0"

"@aws-sdk/client-sts@3.388.0":
  version "3.388.0"
  resolved "https://registry.yarnpkg.com/@aws-sdk/client-sts/-/client-sts-3.388.0.tgz#df4363f89de34bd02533056fc335ec8e785f788c"
  dependencies:
    "@aws-crypto/sha256-browser" "3.0.0"
    "@aws-crypto/sha256-js" "3.0.0"
    "@aws-sdk/credential-provider-node" "3.388.0"
    "@aws-sdk/middleware-host-header" "3.387.0"
    "@aws-sdk/middleware-logger" "3.387.0"
    "@aws-sdk/middleware-recursion-detection" "3.387.0"
    "@aws-sdk/middleware-sdk-sts" "3.387.0"
    "@aws-sdk/middleware-signing" "3.387.0"
    "@aws-sdk/middleware-user-agent" "3.387.0"
    "@aws-sdk/types" "3.387.0"
    "@aws-sdk/util-endpoints" "3.387.0"
    "@aws-sdk/util-user-agent-browser" "3.387.0"
    "@aws-sdk/util-user-agent-node" "3.387.0"
    "@smithy/config-resolver" "^2.0.2"
    "@smithy/fetch-http-handler" "^2.0.2"
    "@smithy/hash-node" "^2.0.2"
    "@smithy/invalid-dependency" "^2.0.2"
    "@smithy/middleware-content-length" "^2.0.2"
    "@smithy/middleware-endpoint" "^2.0.2"
    "@smithy/middleware-retry" "^2.0.2"
    "@smithy/middleware-serde" "^2.0.2"
    "@smithy/middleware-stack" "^2.0.0"
    "@smithy/node-config-provider" "^2.0.2"
    "@smithy/node-http-handler" "^2.0.2"
    "@smithy/protocol-http" "^2.0.2"
    "@smithy/smithy-client" "^2.0.2"
    "@smithy/types" "^2.1.0"
    "@smithy/url-parser" "^2.0.2"
    "@smithy/util-base64" "^2.0.0"
    "@smithy/util-body-length-browser" "^2.0.0"
    "@smithy/util-body-length-node" "^2.0.0"
    "@smithy/util-defaults-mode-browser" "^2.0.2"
    "@smithy/util-defaults-mode-node" "^2.0.2"
    "@smithy/util-retry" "^2.0.0"
    "@smithy/util-utf8" "^2.0.0"
    fast-xml-parser "4.2.5"
    tslib "^2.5.0"

"@aws-sdk/credential-provider-env@3.387.0":
  version "3.387.0"
  resolved "https://registry.yarnpkg.com/@aws-sdk/credential-provider-env/-/credential-provider-env-3.387.0.tgz#7323eada10228c0157195a922d10638cd65c293c"
  dependencies:
    "@aws-sdk/types" "3.387.0"
    "@smithy/property-provider" "^2.0.0"
    "@smithy/types" "^2.1.0"
    tslib "^2.5.0"

"@aws-sdk/credential-provider-ini@3.388.0":
  version "3.388.0"
  resolved "https://registry.yarnpkg.com/@aws-sdk/credential-provider-ini/-/credential-provider-ini-3.388.0.tgz#284b6dd2da4f3f8f53b2fa1838085148a478b936"
  dependencies:
    "@aws-sdk/credential-provider-env" "3.387.0"
    "@aws-sdk/credential-provider-process" "3.387.0"
    "@aws-sdk/credential-provider-sso" "3.388.0"
    "@aws-sdk/credential-provider-web-identity" "3.387.0"
    "@aws-sdk/types" "3.387.0"
    "@smithy/credential-provider-imds" "^2.0.0"
    "@smithy/property-provider" "^2.0.0"
    "@smithy/shared-ini-file-loader" "^2.0.0"
    "@smithy/types" "^2.1.0"
    tslib "^2.5.0"

"@aws-sdk/credential-provider-node@3.388.0":
  version "3.388.0"
  resolved "https://registry.yarnpkg.com/@aws-sdk/credential-provider-node/-/credential-provider-node-3.388.0.tgz#4c1599e2fdd94cff61f1d5568cade8e595cf4da2"
  dependencies:
    "@aws-sdk/credential-provider-env" "3.387.0"
    "@aws-sdk/credential-provider-ini" "3.388.0"
    "@aws-sdk/credential-provider-process" "3.387.0"
    "@aws-sdk/credential-provider-sso" "3.388.0"
    "@aws-sdk/credential-provider-web-identity" "3.387.0"
    "@aws-sdk/types" "3.387.0"
    "@smithy/credential-provider-imds" "^2.0.0"
    "@smithy/property-provider" "^2.0.0"
    "@smithy/shared-ini-file-loader" "^2.0.0"
    "@smithy/types" "^2.1.0"
    tslib "^2.5.0"

"@aws-sdk/credential-provider-process@3.387.0":
  version "3.387.0"
  resolved "https://registry.yarnpkg.com/@aws-sdk/credential-provider-process/-/credential-provider-process-3.387.0.tgz#114acfbcf9bd289e549fb3fd48acc1a71d7c75b7"
  dependencies:
    "@aws-sdk/types" "3.387.0"
    "@smithy/property-provider" "^2.0.0"
    "@smithy/shared-ini-file-loader" "^2.0.0"
    "@smithy/types" "^2.1.0"
    tslib "^2.5.0"

"@aws-sdk/credential-provider-sso@3.388.0":
  version "3.388.0"
  resolved "https://registry.yarnpkg.com/@aws-sdk/credential-provider-sso/-/credential-provider-sso-3.388.0.tgz#39868ebd160d24348287c8a8e57908f6a5d86046"
  dependencies:
    "@aws-sdk/client-sso" "3.387.0"
    "@aws-sdk/token-providers" "3.388.0"
    "@aws-sdk/types" "3.387.0"
    "@smithy/property-provider" "^2.0.0"
    "@smithy/shared-ini-file-loader" "^2.0.0"
    "@smithy/types" "^2.1.0"
    tslib "^2.5.0"

"@aws-sdk/credential-provider-web-identity@3.387.0":
  version "3.387.0"
  resolved "https://registry.yarnpkg.com/@aws-sdk/credential-provider-web-identity/-/credential-provider-web-identity-3.387.0.tgz#f15431ce00dbfe4f937b4afc706254759a096396"
  dependencies:
    "@aws-sdk/types" "3.387.0"
    "@smithy/property-provider" "^2.0.0"
    "@smithy/types" "^2.1.0"
    tslib "^2.5.0"

"@aws-sdk/endpoint-cache@3.310.0":
  version "3.310.0"
  resolved "https://registry.yarnpkg.com/@aws-sdk/endpoint-cache/-/endpoint-cache-3.310.0.tgz#e6f84bfcd55462966811390ef797145559bab15a"
  dependencies:
    mnemonist "0.38.3"
    tslib "^2.5.0"

"@aws-sdk/middleware-endpoint-discovery@3.387.0":
  version "3.387.0"
  resolved "https://registry.yarnpkg.com/@aws-sdk/middleware-endpoint-discovery/-/middleware-endpoint-discovery-3.387.0.tgz#9eeac041e138080f1ac52289d4397f4f5ee0868d"
  dependencies:
    "@aws-sdk/endpoint-cache" "3.310.0"
    "@aws-sdk/types" "3.387.0"
    "@smithy/protocol-http" "^2.0.2"
    "@smithy/types" "^2.1.0"
    tslib "^2.5.0"

"@aws-sdk/middleware-host-header@3.387.0":
  version "3.387.0"
  resolved "https://registry.yarnpkg.com/@aws-sdk/middleware-host-header/-/middleware-host-header-3.387.0.tgz#17c4948b83bb42ed04bdc2346fce4e4f980691e5"
  dependencies:
    "@aws-sdk/types" "3.387.0"
    "@smithy/protocol-http" "^2.0.2"
    "@smithy/types" "^2.1.0"
    tslib "^2.5.0"

"@aws-sdk/middleware-logger@3.387.0":
  version "3.387.0"
  resolved "https://registry.yarnpkg.com/@aws-sdk/middleware-logger/-/middleware-logger-3.387.0.tgz#bbc05eb087989d6addecc58f1baeb39334851e6e"
  dependencies:
    "@aws-sdk/types" "3.387.0"
    "@smithy/types" "^2.1.0"
    tslib "^2.5.0"

"@aws-sdk/middleware-recursion-detection@3.387.0":
  version "3.387.0"
  resolved "https://registry.yarnpkg.com/@aws-sdk/middleware-recursion-detection/-/middleware-recursion-detection-3.387.0.tgz#34beba7dc436dcf13065f5ad99cc239f2f6175b9"
  dependencies:
    "@aws-sdk/types" "3.387.0"
    "@smithy/protocol-http" "^2.0.2"
    "@smithy/types" "^2.1.0"
    tslib "^2.5.0"

"@aws-sdk/middleware-sdk-sts@3.387.0":
  version "3.387.0"
  resolved "https://registry.yarnpkg.com/@aws-sdk/middleware-sdk-sts/-/middleware-sdk-sts-3.387.0.tgz#6bd1e4eb17acc7387fa4231da52378ef77e10b1b"
  dependencies:
    "@aws-sdk/middleware-signing" "3.387.0"
    "@aws-sdk/types" "3.387.0"
    "@smithy/types" "^2.1.0"
    tslib "^2.5.0"

"@aws-sdk/middleware-signing@3.387.0":
  version "3.387.0"
  resolved "https://registry.yarnpkg.com/@aws-sdk/middleware-signing/-/middleware-signing-3.387.0.tgz#74bf5a9cf35239b5745a384a9d8f6f92afbd8328"
  dependencies:
    "@aws-sdk/types" "3.387.0"
    "@smithy/property-provider" "^2.0.0"
    "@smithy/protocol-http" "^2.0.2"
    "@smithy/signature-v4" "^2.0.0"
    "@smithy/types" "^2.1.0"
    "@smithy/util-middleware" "^2.0.0"
    tslib "^2.5.0"

"@aws-sdk/middleware-user-agent@3.387.0":
  version "3.387.0"
  resolved "https://registry.yarnpkg.com/@aws-sdk/middleware-user-agent/-/middleware-user-agent-3.387.0.tgz#aa5f9eb4f3cb4d6e0df879d8d84ccaf4f8baf8e5"
  dependencies:
    "@aws-sdk/types" "3.387.0"
    "@aws-sdk/util-endpoints" "3.387.0"
    "@smithy/protocol-http" "^2.0.2"
    "@smithy/types" "^2.1.0"
    tslib "^2.5.0"

"@aws-sdk/token-providers@3.388.0":
  version "3.388.0"
  resolved "https://registry.yarnpkg.com/@aws-sdk/token-providers/-/token-providers-3.388.0.tgz#50000f5ca32b58614542a6e25918bc32585535cb"
  dependencies:
    "@aws-crypto/sha256-browser" "3.0.0"
    "@aws-crypto/sha256-js" "3.0.0"
    "@aws-sdk/middleware-host-header" "3.387.0"
    "@aws-sdk/middleware-logger" "3.387.0"
    "@aws-sdk/middleware-recursion-detection" "3.387.0"
    "@aws-sdk/middleware-user-agent" "3.387.0"
    "@aws-sdk/types" "3.387.0"
    "@aws-sdk/util-endpoints" "3.387.0"
    "@aws-sdk/util-user-agent-browser" "3.387.0"
    "@aws-sdk/util-user-agent-node" "3.387.0"
    "@smithy/config-resolver" "^2.0.2"
    "@smithy/fetch-http-handler" "^2.0.2"
    "@smithy/hash-node" "^2.0.2"
    "@smithy/invalid-dependency" "^2.0.2"
    "@smithy/middleware-content-length" "^2.0.2"
    "@smithy/middleware-endpoint" "^2.0.2"
    "@smithy/middleware-retry" "^2.0.2"
    "@smithy/middleware-serde" "^2.0.2"
    "@smithy/middleware-stack" "^2.0.0"
    "@smithy/node-config-provider" "^2.0.2"
    "@smithy/node-http-handler" "^2.0.2"
    "@smithy/property-provider" "^2.0.0"
    "@smithy/protocol-http" "^2.0.2"
    "@smithy/shared-ini-file-loader" "^2.0.0"
    "@smithy/smithy-client" "^2.0.2"
    "@smithy/types" "^2.1.0"
    "@smithy/url-parser" "^2.0.2"
    "@smithy/util-base64" "^2.0.0"
    "@smithy/util-body-length-browser" "^2.0.0"
    "@smithy/util-body-length-node" "^2.0.0"
    "@smithy/util-defaults-mode-browser" "^2.0.2"
    "@smithy/util-defaults-mode-node" "^2.0.2"
    "@smithy/util-retry" "^2.0.0"
    "@smithy/util-utf8" "^2.0.0"
    tslib "^2.5.0"

"@aws-sdk/types@3.387.0", "@aws-sdk/types@^3.222.0":
  version "3.387.0"
  resolved "https://registry.yarnpkg.com/@aws-sdk/types/-/types-3.387.0.tgz#15a968344956b2587dbab1224718d72329e050f4"
  dependencies:
    "@smithy/types" "^2.1.0"
    tslib "^2.5.0"

"@aws-sdk/util-dynamodb@^3.363.0":
  version "3.388.0"
  resolved "https://registry.yarnpkg.com/@aws-sdk/util-dynamodb/-/util-dynamodb-3.388.0.tgz#d523d7f5c3266ccb6faf1dfde11719ed14b6dd3a"
  dependencies:
    tslib "^2.5.0"

"@aws-sdk/util-endpoints@3.387.0":
  version "3.387.0"
  resolved "https://registry.yarnpkg.com/@aws-sdk/util-endpoints/-/util-endpoints-3.387.0.tgz#86d7611527ce916c39dfc02641b8be6e0ad8f1f4"
  dependencies:
    "@aws-sdk/types" "3.387.0"
    tslib "^2.5.0"

"@aws-sdk/util-locate-window@^3.0.0":
  version "3.310.0"
  resolved "https://registry.yarnpkg.com/@aws-sdk/util-locate-window/-/util-locate-window-3.310.0.tgz#b071baf050301adee89051032bd4139bba32cc40"
  dependencies:
    tslib "^2.5.0"

"@aws-sdk/util-user-agent-browser@3.387.0":
  version "3.387.0"
  resolved "https://registry.yarnpkg.com/@aws-sdk/util-user-agent-browser/-/util-user-agent-browser-3.387.0.tgz#a59409a168a73a3ce08c0ac831593f864490078e"
  dependencies:
    "@aws-sdk/types" "3.387.0"
    "@smithy/types" "^2.1.0"
    bowser "^2.11.0"
    tslib "^2.5.0"

"@aws-sdk/util-user-agent-node@3.387.0":
  version "3.387.0"
  resolved "https://registry.yarnpkg.com/@aws-sdk/util-user-agent-node/-/util-user-agent-node-3.387.0.tgz#54ae2e17fb3738c018891bdb67ab4e4cce219e6f"
  dependencies:
    "@aws-sdk/types" "3.387.0"
    "@smithy/node-config-provider" "^2.0.2"
    "@smithy/types" "^2.1.0"
    tslib "^2.5.0"

"@aws-sdk/util-utf8-browser@^3.0.0":
  version "3.259.0"
  resolved "https://registry.yarnpkg.com/@aws-sdk/util-utf8-browser/-/util-utf8-browser-3.259.0.tgz#3275a6f5eb334f96ca76635b961d3c50259fd9ff"
  dependencies:
    tslib "^2.3.1"

"@smithy/abort-controller@^2.0.2":
  version "2.0.2"
  resolved "https://registry.yarnpkg.com/@smithy/abort-controller/-/abort-controller-2.0.2.tgz#e2188247a1723b58d60b0803f3ba24b76a714413"
  dependencies:
    "@smithy/types" "^2.1.0"
    tslib "^2.5.0"

"@smithy/config-resolver@^2.0.2":
  version "2.0.2"
  resolved "https://registry.yarnpkg.com/@smithy/config-resolver/-/config-resolver-2.0.2.tgz#64496d2f2f9f1482d2e982d3dc057dccc4ba97db"
  dependencies:
    "@smithy/types" "^2.1.0"
    "@smithy/util-config-provider" "^2.0.0"
    "@smithy/util-middleware" "^2.0.0"
    tslib "^2.5.0"

"@smithy/credential-provider-imds@^2.0.0", "@smithy/credential-provider-imds@^2.0.2":
  version "2.0.2"
  resolved "https://registry.yarnpkg.com/@smithy/credential-provider-imds/-/credential-provider-imds-2.0.2.tgz#9096ff1a2ceb235497a62d469ac70086b96022ad"
  dependencies:
    "@smithy/node-config-provider" "^2.0.2"
    "@smithy/property-provider" "^2.0.2"
    "@smithy/types" "^2.1.0"
    "@smithy/url-parser" "^2.0.2"
    tslib "^2.5.0"

"@smithy/eventstream-codec@^2.0.2":
  version "2.0.2"
  resolved "https://registry.yarnpkg.com/@smithy/eventstream-codec/-/eventstream-codec-2.0.2.tgz#9d81c8d081ac28ba098d98b06cbb39955af1e09b"
  dependencies:
    "@aws-crypto/crc32" "3.0.0"
    "@smithy/types" "^2.1.0"
    "@smithy/util-hex-encoding" "^2.0.0"
    tslib "^2.5.0"

"@smithy/fetch-http-handler@^2.0.2":
  version "2.0.2"
  resolved "https://registry.yarnpkg.com/@smithy/fetch-http-handler/-/fetch-http-handler-2.0.2.tgz#dcc0e9d365efd8feef4a54dd96a264735a1446b7"
  dependencies:
    "@smithy/protocol-http" "^2.0.2"
    "@smithy/querystring-builder" "^2.0.2"
    "@smithy/types" "^2.1.0"
    "@smithy/util-base64" "^2.0.0"
    tslib "^2.5.0"

"@smithy/hash-node@^2.0.2":
  version "2.0.2"
  resolved "https://registry.yarnpkg.com/@smithy/hash-node/-/hash-node-2.0.2.tgz#e968a3e7ab7072bd12297063e3770ae6d9249dee"
  dependencies:
    "@smithy/types" "^2.1.0"
    "@smithy/util-buffer-from" "^2.0.0"
    "@smithy/util-utf8" "^2.0.0"
    tslib "^2.5.0"

"@smithy/invalid-dependency@^2.0.2":
  version "2.0.2"
  resolved "https://registry.yarnpkg.com/@smithy/invalid-dependency/-/invalid-dependency-2.0.2.tgz#1f7b6a860395e9f11fcdbdf3ac22fb95ce863c69"
  dependencies:
    "@smithy/types" "^2.1.0"
    tslib "^2.5.0"

"@smithy/is-array-buffer@^2.0.0":
  version "2.0.0"
  resolved "https://registry.yarnpkg.com/@smithy/is-array-buffer/-/is-array-buffer-2.0.0.tgz#8fa9b8040651e7ba0b2f6106e636a91354ff7d34"
  dependencies:
    tslib "^2.5.0"

"@smithy/middleware-content-length@^2.0.2":
  version "2.0.2"
  resolved "https://registry.yarnpkg.com/@smithy/middleware-content-length/-/middleware-content-length-2.0.2.tgz#6167e8ca52cb5f2b06d3c76fa445080c45baaf25"
  dependencies:
    "@smithy/protocol-http" "^2.0.2"
    "@smithy/types" "^2.1.0"
    tslib "^2.5.0"

"@smithy/middleware-endpoint@^2.0.2":
  version "2.0.2"
  resolved "https://registry.yarnpkg.com/@smithy/middleware-endpoint/-/middleware-endpoint-2.0.2.tgz#29f4c8ae799ffb0891f96148eb754f8d0a41a97c"
  dependencies:
    "@smithy/middleware-serde" "^2.0.2"
    "@smithy/types" "^2.1.0"
    "@smithy/url-parser" "^2.0.2"
    "@smithy/util-middleware" "^2.0.0"
    tslib "^2.5.0"

"@smithy/middleware-retry@^2.0.2":
  version "2.0.2"
  resolved "https://registry.yarnpkg.com/@smithy/middleware-retry/-/middleware-retry-2.0.2.tgz#0d6feb551a5d546c720106435d2a4e7878fd8ea2"
  dependencies:
    "@smithy/protocol-http" "^2.0.2"
    "@smithy/service-error-classification" "^2.0.0"
    "@smithy/types" "^2.1.0"
    "@smithy/util-middleware" "^2.0.0"
    "@smithy/util-retry" "^2.0.0"
    tslib "^2.5.0"
    uuid "^8.3.2"

"@smithy/middleware-serde@^2.0.2":
  version "2.0.2"
  resolved "https://registry.yarnpkg.com/@smithy/middleware-serde/-/middleware-serde-2.0.2.tgz#a59f74e981be8b76ef18e272d525e24e3974dc82"
  dependencies:
    "@smithy/types" "^2.1.0"
    tslib "^2.5.0"

"@smithy/middleware-stack@^2.0.0":
  version "2.0.0"
  resolved "https://registry.yarnpkg.com/@smithy/middleware-stack/-/middleware-stack-2.0.0.tgz#cd9f442c2788b1ef0ea6b32236d80c76b3c342e9"
  dependencies:
    tslib "^2.5.0"

"@smithy/node-config-provider@^2.0.2":
  version "2.0.2"
  resolved "https://registry.yarnpkg.com/@smithy/node-config-provider/-/node-config-provider-2.0.2.tgz#a15f125f7011ff82610297d899826b7ef7889867"
  dependencies:
    "@smithy/property-provider" "^2.0.2"
    "@smithy/shared-ini-file-loader" "^2.0.2"
    "@smithy/types" "^2.1.0"
    tslib "^2.5.0"

"@smithy/node-http-handler@^2.0.2":
  version "2.0.2"
  resolved "https://registry.yarnpkg.com/@smithy/node-http-handler/-/node-http-handler-2.0.2.tgz#3c4d43352f5412cdb23ca075327ac997f5b03df2"
  dependencies:
    "@smithy/abort-controller" "^2.0.2"
    "@smithy/protocol-http" "^2.0.2"
    "@smithy/querystring-builder" "^2.0.2"
    "@smithy/types" "^2.1.0"
    tslib "^2.5.0"

"@smithy/property-provider@^2.0.0", "@smithy/property-provider@^2.0.2":
  version "2.0.2"
  resolved "https://registry.yarnpkg.com/@smithy/property-provider/-/property-provider-2.0.2.tgz#abe091d1e7dc5b617e3418b63eaed11363c96f21"
  dependencies:
    "@smithy/types" "^2.1.0"
    tslib "^2.5.0"

"@smithy/protocol-http@^2.0.2":
  version "2.0.2"
  resolved "https://registry.yarnpkg.com/@smithy/protocol-http/-/protocol-http-2.0.2.tgz#ec3d45a650cb5554b6aba1c38768f51fc9cf79b5"
  dependencies:
    "@smithy/types" "^2.1.0"
    tslib "^2.5.0"

"@smithy/querystring-builder@^2.0.2":
  version "2.0.2"
  resolved "https://registry.yarnpkg.com/@smithy/querystring-builder/-/querystring-builder-2.0.2.tgz#67a1bb503037c4666b5df56ad4b9e10bc525f568"
  dependencies:
    "@smithy/types" "^2.1.0"
    "@smithy/util-uri-escape" "^2.0.0"
    tslib "^2.5.0"

"@smithy/querystring-parser@^2.0.2":
  version "2.0.2"
  resolved "https://registry.yarnpkg.com/@smithy/querystring-parser/-/querystring-parser-2.0.2.tgz#d6b2562e7ae29282b144939e5fd439b17bdf61dd"
  dependencies:
    "@smithy/types" "^2.1.0"
    tslib "^2.5.0"

"@smithy/service-error-classification@^2.0.0":
  version "2.0.0"
  resolved "https://registry.yarnpkg.com/@smithy/service-error-classification/-/service-error-classification-2.0.0.tgz#bbce07c9c529d9333d40db881fd4a1795dd84892"

"@smithy/shared-ini-file-loader@^2.0.0", "@smithy/shared-ini-file-loader@^2.0.2":
  version "2.0.2"
  resolved "https://registry.yarnpkg.com/@smithy/shared-ini-file-loader/-/shared-ini-file-loader-2.0.2.tgz#49b9bf384ece821352f50c8f6cb989edc77d2dbf"
  dependencies:
    "@smithy/types" "^2.1.0"
    tslib "^2.5.0"

"@smithy/signature-v4@^2.0.0":
  version "2.0.2"
  resolved "https://registry.yarnpkg.com/@smithy/signature-v4/-/signature-v4-2.0.2.tgz#c1ec6d9485a72039060e9a8fe2c02e0afb9d7764"
  dependencies:
    "@smithy/eventstream-codec" "^2.0.2"
    "@smithy/is-array-buffer" "^2.0.0"
    "@smithy/types" "^2.1.0"
    "@smithy/util-hex-encoding" "^2.0.0"
    "@smithy/util-middleware" "^2.0.0"
    "@smithy/util-uri-escape" "^2.0.0"
    "@smithy/util-utf8" "^2.0.0"
    tslib "^2.5.0"

"@smithy/smithy-client@^2.0.2":
  version "2.0.2"
  resolved "https://registry.yarnpkg.com/@smithy/smithy-client/-/smithy-client-2.0.2.tgz#3364bfb4afa73d57712b95cb9319f7c8324a104e"
  dependencies:
    "@smithy/middleware-stack" "^2.0.0"
    "@smithy/types" "^2.1.0"
    "@smithy/util-stream" "^2.0.2"
    tslib "^2.5.0"

"@smithy/types@^2.1.0":
  version "2.1.0"
  resolved "https://registry.yarnpkg.com/@smithy/types/-/types-2.1.0.tgz#67fd47c25bbb0fd818951891bf7bcf19a8ee2fe6"
  dependencies:
    tslib "^2.5.0"

"@smithy/url-parser@^2.0.2":
  version "2.0.2"
  resolved "https://registry.yarnpkg.com/@smithy/url-parser/-/url-parser-2.0.2.tgz#af50bd62298b209b1a16c80912a03460b7cb8994"
  dependencies:
    "@smithy/querystring-parser" "^2.0.2"
    "@smithy/types" "^2.1.0"
    tslib "^2.5.0"

"@smithy/util-base64@^2.0.0":
  version "2.0.0"
  resolved "https://registry.yarnpkg.com/@smithy/util-base64/-/util-base64-2.0.0.tgz#1beeabfb155471d1d41c8d0603be1351f883c444"
  dependencies:
    "@smithy/util-buffer-from" "^2.0.0"
    tslib "^2.5.0"

"@smithy/util-body-length-browser@^2.0.0":
  version "2.0.0"
  resolved "https://registry.yarnpkg.com/@smithy/util-body-length-browser/-/util-body-length-browser-2.0.0.tgz#5447853003b4c73da3bc5f3c5e82c21d592d1650"
  dependencies:
    tslib "^2.5.0"

"@smithy/util-body-length-node@^2.0.0":
  version "2.0.0"
  resolved "https://registry.yarnpkg.com/@smithy/util-body-length-node/-/util-body-length-node-2.0.0.tgz#4870b71cb9ded0123d984898ce952ce56896bc53"
  dependencies:
    tslib "^2.5.0"

"@smithy/util-buffer-from@^2.0.0":
  version "2.0.0"
  resolved "https://registry.yarnpkg.com/@smithy/util-buffer-from/-/util-buffer-from-2.0.0.tgz#7eb75d72288b6b3001bc5f75b48b711513091deb"
  dependencies:
    "@smithy/is-array-buffer" "^2.0.0"
    tslib "^2.5.0"

"@smithy/util-config-provider@^2.0.0":
  version "2.0.0"
  resolved "https://registry.yarnpkg.com/@smithy/util-config-provider/-/util-config-provider-2.0.0.tgz#4dd6a793605559d94267312fd06d0f58784b4c38"
  dependencies:
    tslib "^2.5.0"

"@smithy/util-defaults-mode-browser@^2.0.2":
  version "2.0.2"
  resolved "https://registry.yarnpkg.com/@smithy/util-defaults-mode-browser/-/util-defaults-mode-browser-2.0.2.tgz#fb3ad350573ddea0ff7222adc98e9ecc4155b0d3"
  dependencies:
    "@smithy/property-provider" "^2.0.2"
    "@smithy/types" "^2.1.0"
    bowser "^2.11.0"
    tslib "^2.5.0"

"@smithy/util-defaults-mode-node@^2.0.2":
  version "2.0.2"
  resolved "https://registry.yarnpkg.com/@smithy/util-defaults-mode-node/-/util-defaults-mode-node-2.0.2.tgz#2e16e3eb57427c76604c255c38d9e1eacd385d7e"
  dependencies:
    "@smithy/config-resolver" "^2.0.2"
    "@smithy/credential-provider-imds" "^2.0.2"
    "@smithy/node-config-provider" "^2.0.2"
    "@smithy/property-provider" "^2.0.2"
    "@smithy/types" "^2.1.0"
    tslib "^2.5.0"

"@smithy/util-hex-encoding@^2.0.0":
  version "2.0.0"
  resolved "https://registry.yarnpkg.com/@smithy/util-hex-encoding/-/util-hex-encoding-2.0.0.tgz#0aa3515acd2b005c6d55675e377080a7c513b59e"
  dependencies:
    tslib "^2.5.0"

"@smithy/util-middleware@^2.0.0":
  version "2.0.0"
  resolved "https://registry.yarnpkg.com/@smithy/util-middleware/-/util-middleware-2.0.0.tgz#706681d4a1686544a2275f68266304233f372c99"
  dependencies:
    tslib "^2.5.0"

"@smithy/util-retry@^2.0.0":
  version "2.0.0"
  resolved "https://registry.yarnpkg.com/@smithy/util-retry/-/util-retry-2.0.0.tgz#7ac5d5f12383a9d9b2a43f9ff25f3866c8727c24"
  dependencies:
    "@smithy/service-error-classification" "^2.0.0"
    tslib "^2.5.0"

"@smithy/util-stream@^2.0.2":
  version "2.0.2"
  resolved "https://registry.yarnpkg.com/@smithy/util-stream/-/util-stream-2.0.2.tgz#cb4f3c4eca4253f77a780fd861630ed02d67b220"
  dependencies:
    "@smithy/fetch-http-handler" "^2.0.2"
    "@smithy/node-http-handler" "^2.0.2"
    "@smithy/types" "^2.1.0"
    "@smithy/util-base64" "^2.0.0"
    "@smithy/util-buffer-from" "^2.0.0"
    "@smithy/util-hex-encoding" "^2.0.0"
    "@smithy/util-utf8" "^2.0.0"
    tslib "^2.5.0"

"@smithy/util-uri-escape@^2.0.0":
  version "2.0.0"
  resolved "https://registry.yarnpkg.com/@smithy/util-uri-escape/-/util-uri-escape-2.0.0.tgz#19955b1a0f517a87ae77ac729e0e411963dfda95"
  dependencies:
    tslib "^2.5.0"

"@smithy/util-utf8@^2.0.0":
  version "2.0.0"
  resolved "https://registry.yarnpkg.com/@smithy/util-utf8/-/util-utf8-2.0.0.tgz#b4da87566ea7757435e153799df9da717262ad42"
  dependencies:
    "@smithy/util-buffer-from" "^2.0.0"
    tslib "^2.5.0"

"@smithy/util-waiter@^2.0.2":
  version "2.0.2"
  resolved "https://registry.yarnpkg.com/@smithy/util-waiter/-/util-waiter-2.0.2.tgz#32fa0fbd3ec12827daa396f2ec52e5f47478d327"
  dependencies:
    "@smithy/abort-controller" "^2.0.2"
    "@smithy/types" "^2.1.0"
    tslib "^2.5.0"

available-typed-arrays@^1.0.5:
  version "1.0.5"
  resolved "https://registry.yarnpkg.com/available-typed-arrays/-/available-typed-arrays-1.0.5.tgz#92f95616501069d07d10edb2fc37d3e1c65123b7"

aws-sdk@^2.1434.0:
  version "2.1434.0"
  resolved "https://registry.yarnpkg.com/aws-sdk/-/aws-sdk-2.1434.0.tgz#64bc3f8e18bfa8057bd9611046a65b85888bd7a3"
  dependencies:
    buffer "4.9.2"
    events "1.1.1"
    ieee754 "1.1.13"
    jmespath "0.16.0"
    querystring "0.2.0"
    sax "1.2.1"
    url "0.10.3"
    util "^0.12.4"
    uuid "8.0.0"
    xml2js "0.5.0"

base64-js@^1.0.2:
  version "1.5.1"
  resolved "https://registry.npmjs.org/base64-js/-/base64-js-1.5.1.tgz"

bowser@^2.11.0:
  version "2.11.0"
  resolved "https://registry.yarnpkg.com/bowser/-/bowser-2.11.0.tgz#5ca3c35757a7aa5771500c70a73a9f91ef420a8f"

buffer@4.9.2:
  version "4.9.2"
  resolved "https://registry.npmjs.org/buffer/-/buffer-4.9.2.tgz"
  dependencies:
    base64-js "^1.0.2"
    ieee754 "^1.1.4"
    isarray "^1.0.0"

call-bind@^1.0.2:
  version "1.0.2"
  resolved "https://registry.yarnpkg.com/call-bind/-/call-bind-1.0.2.tgz#b1d4e89e688119c3c9a903ad30abb2f6a919be3c"
  dependencies:
    function-bind "^1.1.1"
    get-intrinsic "^1.0.2"

core-js@^3.15.1:
  version "3.15.2"
  resolved "https://registry.npmjs.org/core-js/-/core-js-3.15.2.tgz"

dynamodb-onetable@^2:
  version "2.6.3"
  resolved "https://registry.yarnpkg.com/dynamodb-onetable/-/dynamodb-onetable-2.6.3.tgz#01d9ddbf4f30519ea35df2940b9d8a5a4d11ecc6"
  dependencies:
    "@aws-sdk/client-dynamodb" "^3.363.0"
    "@aws-sdk/util-dynamodb" "^3.363.0"

events@1.1.1:
  version "1.1.1"
  resolved "https://registry.npmjs.org/events/-/events-1.1.1.tgz"

fast-xml-parser@4.2.5:
  version "4.2.5"
  resolved "https://registry.yarnpkg.com/fast-xml-parser/-/fast-xml-parser-4.2.5.tgz#a6747a09296a6cb34f2ae634019bf1738f3b421f"
  dependencies:
    strnum "^1.0.5"

for-each@^0.3.3:
  version "0.3.3"
  resolved "https://registry.yarnpkg.com/for-each/-/for-each-0.3.3.tgz#69b447e88a0a5d32c3e7084f3f1710034b21376e"
  dependencies:
    is-callable "^1.1.3"

function-bind@^1.1.1:
  version "1.1.1"
  resolved "https://registry.yarnpkg.com/function-bind/-/function-bind-1.1.1.tgz#a56899d3ea3c9bab874bb9773b7c5ede92f4895d"

get-intrinsic@^1.0.2, get-intrinsic@^1.1.3:
  version "1.2.1"
  resolved "https://registry.yarnpkg.com/get-intrinsic/-/get-intrinsic-1.2.1.tgz#d295644fed4505fc9cde952c37ee12b477a83d82"
  dependencies:
    function-bind "^1.1.1"
    has "^1.0.3"
    has-proto "^1.0.1"
    has-symbols "^1.0.3"

gopd@^1.0.1:
  version "1.0.1"
  resolved "https://registry.yarnpkg.com/gopd/-/gopd-1.0.1.tgz#29ff76de69dac7489b7c0918a5788e56477c332c"
  dependencies:
    get-intrinsic "^1.1.3"

has-proto@^1.0.1:
  version "1.0.1"
  resolved "https://registry.yarnpkg.com/has-proto/-/has-proto-1.0.1.tgz#1885c1305538958aff469fef37937c22795408e0"

has-symbols@^1.0.2, has-symbols@^1.0.3:
  version "1.0.3"
  resolved "https://registry.yarnpkg.com/has-symbols/-/has-symbols-1.0.3.tgz#bb7b2c4349251dce87b125f7bdf874aa7c8b39f8"

has-tostringtag@^1.0.0:
  version "1.0.0"
  resolved "https://registry.yarnpkg.com/has-tostringtag/-/has-tostringtag-1.0.0.tgz#7e133818a7d394734f941e73c3d3f9291e658b25"
  dependencies:
    has-symbols "^1.0.2"

has@^1.0.3:
  version "1.0.3"
  resolved "https://registry.yarnpkg.com/has/-/has-1.0.3.tgz#722d7cbfc1f6aa8241f16dd814e011e1f41e8796"
  dependencies:
    function-bind "^1.1.1"

ieee754@1.1.13, ieee754@^1.1.4:
  version "1.1.13"
  resolved "https://registry.npmjs.org/ieee754/-/ieee754-1.1.13.tgz"

inherits@^2.0.3:
  version "2.0.4"
  resolved "https://registry.yarnpkg.com/inherits/-/inherits-2.0.4.tgz#0fa2c64f932917c3433a0ded55363aae37416b7c"

is-arguments@^1.0.4:
  version "1.1.1"
  resolved "https://registry.yarnpkg.com/is-arguments/-/is-arguments-1.1.1.tgz#15b3f88fda01f2a97fec84ca761a560f123efa9b"
  dependencies:
    call-bind "^1.0.2"
    has-tostringtag "^1.0.0"

is-callable@^1.1.3:
  version "1.2.7"
  resolved "https://registry.yarnpkg.com/is-callable/-/is-callable-1.2.7.tgz#3bc2a85ea742d9e36205dcacdd72ca1fdc51b055"

is-generator-function@^1.0.7:
  version "1.0.10"
  resolved "https://registry.yarnpkg.com/is-generator-function/-/is-generator-function-1.0.10.tgz#f1558baf1ac17e0deea7c0415c438351ff2b3c72"
  dependencies:
    has-tostringtag "^1.0.0"

is-typed-array@^1.1.3:
  version "1.1.12"
  resolved "https://registry.yarnpkg.com/is-typed-array/-/is-typed-array-1.1.12.tgz#d0bab5686ef4a76f7a73097b95470ab199c57d4a"
  dependencies:
    which-typed-array "^1.1.11"

isarray@^1.0.0:
  version "1.0.0"
  resolved "https://registry.npmjs.org/isarray/-/isarray-1.0.0.tgz"

jmespath@0.16.0:
  version "0.16.0"
  resolved "https://registry.yarnpkg.com/jmespath/-/jmespath-0.16.0.tgz#b15b0a85dfd4d930d43e69ed605943c802785076"

mnemonist@0.38.3:
  version "0.38.3"
  resolved "https://registry.yarnpkg.com/mnemonist/-/mnemonist-0.38.3.tgz#35ec79c1c1f4357cfda2fe264659c2775ccd7d9d"
  dependencies:
    obliterator "^1.6.1"

obliterator@^1.6.1:
  version "1.6.1"
  resolved "https://registry.yarnpkg.com/obliterator/-/obliterator-1.6.1.tgz#dea03e8ab821f6c4d96a299e17aef6a3af994ef3"

punycode@1.3.2:
  version "1.3.2"
  resolved "https://registry.npmjs.org/punycode/-/punycode-1.3.2.tgz"

querystring@0.2.0:
  version "0.2.0"
  resolved "https://registry.npmjs.org/querystring/-/querystring-0.2.0.tgz"

sax@1.2.1, sax@>=0.6.0:
  version "1.2.1"
  resolved "https://registry.npmjs.org/sax/-/sax-1.2.1.tgz"

strnum@^1.0.5:
  version "1.0.5"
  resolved "https://registry.yarnpkg.com/strnum/-/strnum-1.0.5.tgz#5c4e829fe15ad4ff0d20c3db5ac97b73c9b072db"

tslib@^1.11.1:
  version "1.14.1"
  resolved "https://registry.yarnpkg.com/tslib/-/tslib-1.14.1.tgz#cf2d38bdc34a134bcaf1091c41f6619e2f672d00"

tslib@^2.3.1, tslib@^2.5.0:
  version "2.6.1"
  resolved "https://registry.yarnpkg.com/tslib/-/tslib-2.6.1.tgz#fd8c9a0ff42590b25703c0acb3de3d3f4ede0410"

typescript@^4.3.4:
  version "4.3.5"
  resolved "https://registry.npmjs.org/typescript/-/typescript-4.3.5.tgz"

url@0.10.3:
  version "0.10.3"
  resolved "https://registry.npmjs.org/url/-/url-0.10.3.tgz"
  dependencies:
    punycode "1.3.2"
    querystring "0.2.0"

util@^0.12.4:
  version "0.12.5"
  resolved "https://registry.yarnpkg.com/util/-/util-0.12.5.tgz#5f17a6059b73db61a875668781a1c2b136bd6fbc"
  dependencies:
    inherits "^2.0.3"
    is-arguments "^1.0.4"
    is-generator-function "^1.0.7"
    is-typed-array "^1.1.3"
    which-typed-array "^1.1.2"

uuid@8.0.0:
  version "8.0.0"
  resolved "https://registry.yarnpkg.com/uuid/-/uuid-8.0.0.tgz#bc6ccf91b5ff0ac07bbcdbf1c7c4e150db4dbb6c"

uuid@^8.3.2:
  version "8.3.2"
  resolved "https://registry.yarnpkg.com/uuid/-/uuid-8.3.2.tgz#80d5b5ced271bb9af6c445f21a1a04c606cefbe2"

which-typed-array@^1.1.11, which-typed-array@^1.1.2:
  version "1.1.11"
  resolved "https://registry.yarnpkg.com/which-typed-array/-/which-typed-array-1.1.11.tgz#99d691f23c72aab6768680805a271b69761ed61a"
  dependencies:
    available-typed-arrays "^1.0.5"
    call-bind "^1.0.2"
    for-each "^0.3.3"
    gopd "^1.0.1"
    has-tostringtag "^1.0.0"

xml2js@0.5.0:
  version "0.5.0"
  resolved "https://registry.yarnpkg.com/xml2js/-/xml2js-0.5.0.tgz#d9440631fbb2ed800203fad106f2724f62c493b7"
  dependencies:
    sax ">=0.6.0"
    xmlbuilder "~11.0.0"

xmlbuilder@~11.0.0:
  version "11.0.1"
  resolved "https://registry.yarnpkg.com/xmlbuilder/-/xmlbuilder-11.0.1.tgz#be9bae1c8a046e76b31127726347d0ad7002beb3"
